
Microsoft Visual Studio Solution File, Format Version 12.00
# Visual Studio Version 17
VisualStudioVersion = 17.4.32804.182
MinimumVisualStudioVersion = 10.0.40219.1
Project("{FAE04EC0-301F-11D3-BF4B-00C04F79EFBC}") = "RestApi", "RestApi\RestApi.csproj", "{002C7289-EC5A-4973-855D-3661A9C3DCE9}"
EndProject
Global
	GlobalSection(SolutionConfigurationPlatforms) = preSolution
		Debug|Any CPU = Debug|Any CPU
		Release|Any CPU = Release|Any CPU
	EndGlobalSection
	GlobalSection(ProjectConfigurationPlatforms) = postSolution
		{002C7289-EC5A-4973-855D-3661A9C3DCE9}.Debug|Any CPU.ActiveCfg = Debug|Any CPU
		{002C7289-EC5A-4973-855D-3661A9C3DCE9}.Debug|Any CPU.Build.0 = Debug|Any CPU
		{002C7289-EC5A-4973-855D-3661A9C3DCE9}.Release|Any CPU.ActiveCfg = Release|Any CPU
		{002C7289-EC5A-4973-855D-3661A9C3DCE9}.Release|Any CPU.Build.0 = Release|Any CPU
	EndGlobalSection
	GlobalSection(SolutionProperties) = preSolution
		HideSolutionNode = FALSE
	EndGlobalSection
	GlobalSection(ExtensibilityGlobals) = postSolution
		SolutionGuid = {0E647192-1D97-4CC9-AEBF-A62466AA96EC}
	EndGlobalSection
EndGlobal
